
Microsoft Visual Studio Solution File, Format Version 12.00
# Visual Studio Version 17
VisualStudioVersion = 17.4.33122.133
MinimumVisualStudioVersion = 10.0.40219.1
Project("{FAE04EC0-301F-11D3-BF4B-00C04F79EFBC}") = "Zadacha_4", "Zadacha_4\Zadacha_4.csproj", "{572C2F60-9212-4E28-8EA0-CDCDA0615F83}"
EndProject
Global
	GlobalSection(SolutionConfigurationPlatforms) = preSolution
		Debug|Any CPU = Debug|Any CPU
		Release|Any CPU = Release|Any CPU
	EndGlobalSection
	GlobalSection(ProjectConfigurationPlatforms) = postSolution
		{572C2F60-9212-4E28-8EA0-CDCDA0615F83}.Debug|Any CPU.ActiveCfg = Debug|Any CPU
		{572C2F60-9212-4E28-8EA0-CDCDA0615F83}.Debug|Any CPU.Build.0 = Debug|Any CPU
		{572C2F60-9212-4E28-8EA0-CDCDA0615F83}.Release|Any CPU.ActiveCfg = Release|Any CPU
		{572C2F60-9212-4E28-8EA0-CDCDA0615F83}.Release|Any CPU.Build.0 = Release|Any CPU
	EndGlobalSection
	GlobalSection(SolutionProperties) = preSolution
		HideSolutionNode = FALSE
	EndGlobalSection
	GlobalSection(ExtensibilityGlobals) = postSolution
		SolutionGuid = {715A450D-FB07-48DA-B90E-61DF13B4A44F}
	EndGlobalSection
EndGlobal
