
Microsoft Visual Studio Solution File, Format Version 12.00
# Visual Studio Version 17
VisualStudioVersion = 17.4.33122.133
MinimumVisualStudioVersion = 10.0.40219.1
Project("{FAE04EC0-301F-11D3-BF4B-00C04F79EFBC}") = "Zadacha_6", "Zadacha_6\Zadacha_6.csproj", "{A8719903-B2E2-4AC7-833E-19CCC620DD86}"
EndProject
Global
	GlobalSection(SolutionConfigurationPlatforms) = preSolution
		Debug|Any CPU = Debug|Any CPU
		Release|Any CPU = Release|Any CPU
	EndGlobalSection
	GlobalSection(ProjectConfigurationPlatforms) = postSolution
		{A8719903-B2E2-4AC7-833E-19CCC620DD86}.Debug|Any CPU.ActiveCfg = Debug|Any CPU
		{A8719903-B2E2-4AC7-833E-19CCC620DD86}.Debug|Any CPU.Build.0 = Debug|Any CPU
		{A8719903-B2E2-4AC7-833E-19CCC620DD86}.Release|Any CPU.ActiveCfg = Release|Any CPU
		{A8719903-B2E2-4AC7-833E-19CCC620DD86}.Release|Any CPU.Build.0 = Release|Any CPU
	EndGlobalSection
	GlobalSection(SolutionProperties) = preSolution
		HideSolutionNode = FALSE
	EndGlobalSection
	GlobalSection(ExtensibilityGlobals) = postSolution
		SolutionGuid = {DCAD10DD-FF7A-4F24-A030-A039A8492E63}
	EndGlobalSection
EndGlobal
